// !$*UTF8*$!
{
	archiveVersion = 1;
	classes = {
	};
	objectVersion = 46;
	objects = {

/* Begin PBXBuildFile section */
		7223FC10159C333100A2F7E8 /* Foundation.framework in Frameworks */ = {isa = PBXBuildFile; fileRef = 72B213C9159A27BD00456CE8 /* Foundation.framework */; };
		7223FC1D159C333100A2F7E8 /* SenTestingKit.framework in Frameworks */ = {isa = PBXBuildFile; fileRef = 72B213E4159A27BD00456CE8 /* SenTestingKit.framework */; };
		7223FC1E159C333100A2F7E8 /* UIKit.framework in Frameworks */ = {isa = PBXBuildFile; fileRef = 72B213C7159A27BD00456CE8 /* UIKit.framework */; };
		7223FC1F159C333100A2F7E8 /* Foundation.framework in Frameworks */ = {isa = PBXBuildFile; fileRef = 72B213C9159A27BD00456CE8 /* Foundation.framework */; };
		7223FC22159C333100A2F7E8 /* libfishstix-ios-sdk.a in Frameworks */ = {isa = PBXBuildFile; fileRef = 7223FC0F159C333000A2F7E8 /* libfishstix-ios-sdk.a */; };
		7223FC28159C333100A2F7E8 /* InfoPlist.strings in Resources */ = {isa = PBXBuildFile; fileRef = 7223FC26159C333100A2F7E8 /* InfoPlist.strings */; };
		7223FC2B159C333100A2F7E8 /* fishstix_ios_sdkTests.m in Sources */ = {isa = PBXBuildFile; fileRef = 7223FC2A159C333100A2F7E8 /* fishstix_ios_sdkTests.m */; };
		7223FC34159C3B6100A2F7E8 /* FSPaginatedScrollView.m in Sources */ = {isa = PBXBuildFile; fileRef = 7223FC32159C3B6000A2F7E8 /* FSPaginatedScrollView.m */; };
		7223FC35159C3B6100A2F7E8 /* FSPaginatedScrollView.h in Headers */ = {isa = PBXBuildFile; fileRef = 7223FC33159C3B6000A2F7E8 /* FSPaginatedScrollView.h */; };
		726141A115F4683D00C586C9 /* MKDSlideViewController.h in Headers */ = {isa = PBXBuildFile; fileRef = 7261419F15F4683D00C586C9 /* MKDSlideViewController.h */; };
		726141A215F4683D00C586C9 /* MKDSlideViewController.m in Sources */ = {isa = PBXBuildFile; fileRef = 726141A015F4683D00C586C9 /* MKDSlideViewController.m */; };
		726141AA15F4692900C586C9 /* FSViewController.h in Headers */ = {isa = PBXBuildFile; fileRef = 726141A815F4692900C586C9 /* FSViewController.h */; };
		726141AB15F4692900C586C9 /* FSViewController.m in Sources */ = {isa = PBXBuildFile; fileRef = 726141A915F4692900C586C9 /* FSViewController.m */; };
		726141E115F4783D00C586C9 /* NSObject+FSExtensions.m in Sources */ = {isa = PBXBuildFile; fileRef = 726141D115F4783D00C586C9 /* NSObject+FSExtensions.m */; };
		726141E215F4783D00C586C9 /* NSString+FSExtensions.h in Headers */ = {isa = PBXBuildFile; fileRef = 726141D215F4783D00C586C9 /* NSString+FSExtensions.h */; };
		726141E315F4783D00C586C9 /* NSString+FSExtensions.m in Sources */ = {isa = PBXBuildFile; fileRef = 726141D315F4783D00C586C9 /* NSString+FSExtensions.m */; };
		726141E415F4783D00C586C9 /* UIAlertView+BlockExtensions.h in Headers */ = {isa = PBXBuildFile; fileRef = 726141D415F4783D00C586C9 /* UIAlertView+BlockExtensions.h */; };
		726141E515F4783D00C586C9 /* UIAlertView+BlockExtensions.m in Sources */ = {isa = PBXBuildFile; fileRef = 726141D515F4783D00C586C9 /* UIAlertView+BlockExtensions.m */; };
		726141E615F4783D00C586C9 /* UIColor+FSExtensions.h in Headers */ = {isa = PBXBuildFile; fileRef = 726141D615F4783D00C586C9 /* UIColor+FSExtensions.h */; };
		726141E715F4783D00C586C9 /* UIColor+FSExtensions.m in Sources */ = {isa = PBXBuildFile; fileRef = 726141D715F4783D00C586C9 /* UIColor+FSExtensions.m */; };
		726141EA15F4783D00C586C9 /* UINavigationItem+FSExtensions.h in Headers */ = {isa = PBXBuildFile; fileRef = 726141DA15F4783D00C586C9 /* UINavigationItem+FSExtensions.h */; };
		726141EB15F4783D00C586C9 /* UINavigationItem+FSExtensions.m in Sources */ = {isa = PBXBuildFile; fileRef = 726141DB15F4783D00C586C9 /* UINavigationItem+FSExtensions.m */; };
		726141EC15F4783D00C586C9 /* UIWindow+FSExtensions.h in Headers */ = {isa = PBXBuildFile; fileRef = 726141DC15F4783D00C586C9 /* UIWindow+FSExtensions.h */; };
		726141ED15F4783D00C586C9 /* UIWindow+FSExtensions.m in Sources */ = {isa = PBXBuildFile; fileRef = 726141DD15F4783D00C586C9 /* UIWindow+FSExtensions.m */; };
		726141EE15F4783D00C586C9 /* NSDate+FSExtensions.h in Headers */ = {isa = PBXBuildFile; fileRef = 726141DE15F4783D00C586C9 /* NSDate+FSExtensions.h */; };
		726141EF15F4783D00C586C9 /* NSDate+FSExtensions.m in Sources */ = {isa = PBXBuildFile; fileRef = 726141DF15F4783D00C586C9 /* NSDate+FSExtensions.m */; };
		726141F015F4783D00C586C9 /* NSObject+FSExtensions.h in Headers */ = {isa = PBXBuildFile; fileRef = 726141E015F4783D00C586C9 /* NSObject+FSExtensions.h */; };
		726141F815F482E500C586C9 /* FSHTTPRequest.h in Headers */ = {isa = PBXBuildFile; fileRef = 726141F215F482E500C586C9 /* FSHTTPRequest.h */; };
		726141F915F482E500C586C9 /* FSHTTPRequest.m in Sources */ = {isa = PBXBuildFile; fileRef = 726141F315F482E500C586C9 /* FSHTTPRequest.m */; };
		726141FA15F482E500C586C9 /* HTTPRequest.h in Headers */ = {isa = PBXBuildFile; fileRef = 726141F415F482E500C586C9 /* HTTPRequest.h */; };
		726141FB15F482E500C586C9 /* HTTPRequest.m in Sources */ = {isa = PBXBuildFile; fileRef = 726141F515F482E500C586C9 /* HTTPRequest.m */; };
		726141FC15F482E500C586C9 /* Reachability.h in Headers */ = {isa = PBXBuildFile; fileRef = 726141F615F482E500C586C9 /* Reachability.h */; };
		726141FD15F482E500C586C9 /* Reachability.m in Sources */ = {isa = PBXBuildFile; fileRef = 726141F715F482E500C586C9 /* Reachability.m */; settings = {COMPILER_FLAGS = "-fno-objc-arc"; }; };
		7261420015F4837200C586C9 /* SystemConfiguration.framework in Frameworks */ = {isa = PBXBuildFile; fileRef = 726141FF15F4837100C586C9 /* SystemConfiguration.framework */; };
		727B524B159E16C800E86A0A /* AppView.h in Headers */ = {isa = PBXBuildFile; fileRef = 727B5247159E16C800E86A0A /* AppView.h */; };
		727B524C159E16C800E86A0A /* AppView.m in Sources */ = {isa = PBXBuildFile; fileRef = 727B5248159E16C800E86A0A /* AppView.m */; };
		727B524D159E16C800E86A0A /* AppViewController.h in Headers */ = {isa = PBXBuildFile; fileRef = 727B5249159E16C800E86A0A /* AppViewController.h */; };
		727B524E159E16C800E86A0A /* AppViewController.m in Sources */ = {isa = PBXBuildFile; fileRef = 727B524A159E16C800E86A0A /* AppViewController.m */; };
		72C73BE515AD4ECE00FCA626 /* FSTableHeaderSuperView.m in Sources */ = {isa = PBXBuildFile; fileRef = 72B214AB159AEE2900456CE8 /* FSTableHeaderSuperView.m */; };
/* End PBXBuildFile section */

/* Begin PBXContainerItemProxy section */
		7223FC20159C333100A2F7E8 /* PBXContainerItemProxy */ = {
			isa = PBXContainerItemProxy;
			containerPortal = 72B213BA159A27BC00456CE8 /* Project object */;
			proxyType = 1;
			remoteGlobalIDString = 7223FC0E159C333000A2F7E8;
			remoteInfo = "fishstix-ios-sdk";
		};
/* End PBXContainerItemProxy section */

/* Begin PBXFileReference section */
		7223FC0F159C333000A2F7E8 /* libfishstix-ios-sdk.a */ = {isa = PBXFileReference; explicitFileType = archive.ar; includeInIndex = 0; path = "libfishstix-ios-sdk.a"; sourceTree = BUILT_PRODUCTS_DIR; };
		7223FC1C159C333100A2F7E8 /* fishstix-ios-sdkTests.octest */ = {isa = PBXFileReference; explicitFileType = wrapper.cfbundle; includeInIndex = 0; path = "fishstix-ios-sdkTests.octest"; sourceTree = BUILT_PRODUCTS_DIR; };
		7223FC25159C333100A2F7E8 /* fishstix-ios-sdkTests-Info.plist */ = {isa = PBXFileReference; lastKnownFileType = text.plist.xml; path = "fishstix-ios-sdkTests-Info.plist"; sourceTree = "<group>"; };
		7223FC27159C333100A2F7E8 /* en */ = {isa = PBXFileReference; lastKnownFileType = text.plist.strings; name = en; path = en.lproj/InfoPlist.strings; sourceTree = "<group>"; };
		7223FC29159C333100A2F7E8 /* fishstix_ios_sdkTests.h */ = {isa = PBXFileReference; lastKnownFileType = sourcecode.c.h; path = fishstix_ios_sdkTests.h; sourceTree = "<group>"; };
		7223FC2A159C333100A2F7E8 /* fishstix_ios_sdkTests.m */ = {isa = PBXFileReference; lastKnownFileType = sourcecode.c.objc; path = fishstix_ios_sdkTests.m; sourceTree = "<group>"; };
		7223FC32159C3B6000A2F7E8 /* FSPaginatedScrollView.m */ = {isa = PBXFileReference; fileEncoding = 4; lastKnownFileType = sourcecode.c.objc; name = FSPaginatedScrollView.m; path = "fishstix-ios-sdk/FSPaginatedScrollView.m"; sourceTree = SOURCE_ROOT; };
		7223FC33159C3B6000A2F7E8 /* FSPaginatedScrollView.h */ = {isa = PBXFileReference; fileEncoding = 4; lastKnownFileType = sourcecode.c.h; name = FSPaginatedScrollView.h; path = "fishstix-ios-sdk/FSPaginatedScrollView.h"; sourceTree = SOURCE_ROOT; };
		7261419F15F4683D00C586C9 /* MKDSlideViewController.h */ = {isa = PBXFileReference; fileEncoding = 4; lastKnownFileType = sourcecode.c.h; path = MKDSlideViewController.h; sourceTree = "<group>"; };
		726141A015F4683D00C586C9 /* MKDSlideViewController.m */ = {isa = PBXFileReference; fileEncoding = 4; lastKnownFileType = sourcecode.c.objc; path = MKDSlideViewController.m; sourceTree = "<group>"; };
		726141A815F4692900C586C9 /* FSViewController.h */ = {isa = PBXFileReference; fileEncoding = 4; lastKnownFileType = sourcecode.c.h; path = FSViewController.h; sourceTree = "<group>"; };
		726141A915F4692900C586C9 /* FSViewController.m */ = {isa = PBXFileReference; fileEncoding = 4; lastKnownFileType = sourcecode.c.objc; path = FSViewController.m; sourceTree = "<group>"; };
		726141D115F4783D00C586C9 /* NSObject+FSExtensions.m */ = {isa = PBXFileReference; fileEncoding = 4; lastKnownFileType = sourcecode.c.objc; path = "NSObject+FSExtensions.m"; sourceTree = "<group>"; };
		726141D215F4783D00C586C9 /* NSString+FSExtensions.h */ = {isa = PBXFileReference; fileEncoding = 4; lastKnownFileType = sourcecode.c.h; path = "NSString+FSExtensions.h"; sourceTree = "<group>"; };
		726141D315F4783D00C586C9 /* NSString+FSExtensions.m */ = {isa = PBXFileReference; fileEncoding = 4; lastKnownFileType = sourcecode.c.objc; path = "NSString+FSExtensions.m"; sourceTree = "<group>"; };
		726141D415F4783D00C586C9 /* UIAlertView+BlockExtensions.h */ = {isa = PBXFileReference; fileEncoding = 4; lastKnownFileType = sourcecode.c.h; path = "UIAlertView+BlockExtensions.h"; sourceTree = "<group>"; };
		726141D515F4783D00C586C9 /* UIAlertView+BlockExtensions.m */ = {isa = PBXFileReference; fileEncoding = 4; lastKnownFileType = sourcecode.c.objc; path = "UIAlertView+BlockExtensions.m"; sourceTree = "<group>"; };
		726141D615F4783D00C586C9 /* UIColor+FSExtensions.h */ = {isa = PBXFileReference; fileEncoding = 4; lastKnownFileType = sourcecode.c.h; path = "UIColor+FSExtensions.h"; sourceTree = "<group>"; };
		726141D715F4783D00C586C9 /* UIColor+FSExtensions.m */ = {isa = PBXFileReference; fileEncoding = 4; lastKnownFileType = sourcecode.c.objc; path = "UIColor+FSExtensions.m"; sourceTree = "<group>"; };
		726141DA15F4783D00C586C9 /* UINavigationItem+FSExtensions.h */ = {isa = PBXFileReference; fileEncoding = 4; lastKnownFileType = sourcecode.c.h; path = "UINavigationItem+FSExtensions.h"; sourceTree = "<group>"; };
		726141DB15F4783D00C586C9 /* UINavigationItem+FSExtensions.m */ = {isa = PBXFileReference; fileEncoding = 4; lastKnownFileType = sourcecode.c.objc; path = "UINavigationItem+FSExtensions.m"; sourceTree = "<group>"; };
		726141DC15F4783D00C586C9 /* UIWindow+FSExtensions.h */ = {isa = PBXFileReference; fileEncoding = 4; lastKnownFileType = sourcecode.c.h; path = "UIWindow+FSExtensions.h"; sourceTree = "<group>"; };
		726141DD15F4783D00C586C9 /* UIWindow+FSExtensions.m */ = {isa = PBXFileReference; fileEncoding = 4; lastKnownFileType = sourcecode.c.objc; path = "UIWindow+FSExtensions.m"; sourceTree = "<group>"; };
		726141DE15F4783D00C586C9 /* NSDate+FSExtensions.h */ = {isa = PBXFileReference; fileEncoding = 4; lastKnownFileType = sourcecode.c.h; path = "NSDate+FSExtensions.h"; sourceTree = "<group>"; };
		726141DF15F4783D00C586C9 /* NSDate+FSExtensions.m */ = {isa = PBXFileReference; fileEncoding = 4; lastKnownFileType = sourcecode.c.objc; path = "NSDate+FSExtensions.m"; sourceTree = "<group>"; };
		726141E015F4783D00C586C9 /* NSObject+FSExtensions.h */ = {isa = PBXFileReference; fileEncoding = 4; lastKnownFileType = sourcecode.c.h; path = "NSObject+FSExtensions.h"; sourceTree = "<group>"; };
		726141F215F482E500C586C9 /* FSHTTPRequest.h */ = {isa = PBXFileReference; fileEncoding = 4; lastKnownFileType = sourcecode.c.h; path = FSHTTPRequest.h; sourceTree = "<group>"; };
		726141F315F482E500C586C9 /* FSHTTPRequest.m */ = {isa = PBXFileReference; fileEncoding = 4; lastKnownFileType = sourcecode.c.objc; path = FSHTTPRequest.m; sourceTree = "<group>"; };
		726141F415F482E500C586C9 /* HTTPRequest.h */ = {isa = PBXFileReference; fileEncoding = 4; lastKnownFileType = sourcecode.c.h; path = HTTPRequest.h; sourceTree = "<group>"; };
		726141F515F482E500C586C9 /* HTTPRequest.m */ = {isa = PBXFileReference; fileEncoding = 4; lastKnownFileType = sourcecode.c.objc; path = HTTPRequest.m; sourceTree = "<group>"; };
		726141F615F482E500C586C9 /* Reachability.h */ = {isa = PBXFileReference; fileEncoding = 4; lastKnownFileType = sourcecode.c.h; path = Reachability.h; sourceTree = "<group>"; };
		726141F715F482E500C586C9 /* Reachability.m */ = {isa = PBXFileReference; fileEncoding = 4; lastKnownFileType = sourcecode.c.objc; path = Reachability.m; sourceTree = "<group>"; };
		726141FF15F4837100C586C9 /* SystemConfiguration.framework */ = {isa = PBXFileReference; lastKnownFileType = wrapper.framework; name = SystemConfiguration.framework; path = System/Library/Frameworks/SystemConfiguration.framework; sourceTree = SDKROOT; };
		727B5247159E16C800E86A0A /* AppView.h */ = {isa = PBXFileReference; fileEncoding = 4; lastKnownFileType = sourcecode.c.h; name = AppView.h; path = "fishstix-ios-sdk/AppView.h"; sourceTree = SOURCE_ROOT; };
		727B5248159E16C800E86A0A /* AppView.m */ = {isa = PBXFileReference; fileEncoding = 4; lastKnownFileType = sourcecode.c.objc; name = AppView.m; path = "fishstix-ios-sdk/AppView.m"; sourceTree = SOURCE_ROOT; };
		727B5249159E16C800E86A0A /* AppViewController.h */ = {isa = PBXFileReference; fileEncoding = 4; lastKnownFileType = sourcecode.c.h; name = AppViewController.h; path = "fishstix-ios-sdk/AppViewController.h"; sourceTree = SOURCE_ROOT; };
		727B524A159E16C800E86A0A /* AppViewController.m */ = {isa = PBXFileReference; fileEncoding = 4; lastKnownFileType = sourcecode.c.objc; name = AppViewController.m; path = "fishstix-ios-sdk/AppViewController.m"; sourceTree = SOURCE_ROOT; };
		72B213C7159A27BD00456CE8 /* UIKit.framework */ = {isa = PBXFileReference; lastKnownFileType = wrapper.framework; name = UIKit.framework; path = System/Library/Frameworks/UIKit.framework; sourceTree = SDKROOT; };
		72B213C9159A27BD00456CE8 /* Foundation.framework */ = {isa = PBXFileReference; lastKnownFileType = wrapper.framework; name = Foundation.framework; path = System/Library/Frameworks/Foundation.framework; sourceTree = SDKROOT; };
		72B213CB159A27BD00456CE8 /* CoreGraphics.framework */ = {isa = PBXFileReference; lastKnownFileType = wrapper.framework; name = CoreGraphics.framework; path = System/Library/Frameworks/CoreGraphics.framework; sourceTree = SDKROOT; };
		72B213CD159A27BD00456CE8 /* CoreData.framework */ = {isa = PBXFileReference; lastKnownFileType = wrapper.framework; name = CoreData.framework; path = System/Library/Frameworks/CoreData.framework; sourceTree = SDKROOT; };
		72B213D1159A27BD00456CE8 /* fishstix-ios-sdk-Info.plist */ = {isa = PBXFileReference; lastKnownFileType = text.plist.xml; path = "fishstix-ios-sdk-Info.plist"; sourceTree = "<group>"; };
		72B213D3159A27BD00456CE8 /* en */ = {isa = PBXFileReference; lastKnownFileType = text.plist.strings; name = en; path = en.lproj/InfoPlist.strings; sourceTree = "<group>"; };
		72B213D7159A27BD00456CE8 /* fishstix-ios-sdk-Prefix.pch */ = {isa = PBXFileReference; lastKnownFileType = sourcecode.c.h; path = "fishstix-ios-sdk-Prefix.pch"; sourceTree = "<group>"; };
		72B213D8159A27BD00456CE8 /* FSAppDelegate.h */ = {isa = PBXFileReference; lastKnownFileType = sourcecode.c.h; path = FSAppDelegate.h; sourceTree = "<group>"; };
		72B213D9159A27BD00456CE8 /* FSAppDelegate.m */ = {isa = PBXFileReference; lastKnownFileType = sourcecode.c.objc; path = FSAppDelegate.m; sourceTree = "<group>"; };
		72B213DC159A27BD00456CE8 /* fishstix_ios_sdk.xcdatamodel */ = {isa = PBXFileReference; lastKnownFileType = wrapper.xcdatamodel; path = fishstix_ios_sdk.xcdatamodel; sourceTree = "<group>"; };
		72B213E4159A27BD00456CE8 /* SenTestingKit.framework */ = {isa = PBXFileReference; lastKnownFileType = wrapper.framework; name = SenTestingKit.framework; path = Library/Frameworks/SenTestingKit.framework; sourceTree = DEVELOPER_DIR; };
		72B21490159AED8500456CE8 /* FSSocial.h */ = {isa = PBXFileReference; fileEncoding = 4; lastKnownFileType = sourcecode.c.h; path = FSSocial.h; sourceTree = "<group>"; };
		72B21491159AED8500456CE8 /* FSSocial.m */ = {isa = PBXFileReference; fileEncoding = 4; lastKnownFileType = sourcecode.c.objc; path = FSSocial.m; sourceTree = "<group>"; };
		72B21494159AED8500456CE8 /* FSTwitter.h */ = {isa = PBXFileReference; fileEncoding = 4; lastKnownFileType = sourcecode.c.h; path = FSTwitter.h; sourceTree = "<group>"; };
		72B21495159AED8500456CE8 /* FSTwitter.m */ = {isa = PBXFileReference; fileEncoding = 4; lastKnownFileType = sourcecode.c.objc; path = FSTwitter.m; sourceTree = "<group>"; };
		72B21496159AED8500456CE8 /* FSFacebook.h */ = {isa = PBXFileReference; fileEncoding = 4; lastKnownFileType = sourcecode.c.h; path = FSFacebook.h; sourceTree = "<group>"; };
		72B21497159AED8500456CE8 /* FSFacebook.m */ = {isa = PBXFileReference; fileEncoding = 4; lastKnownFileType = sourcecode.c.objc; path = FSFacebook.m; sourceTree = "<group>"; };
		72B214A7159AEE1200456CE8 /* FSTableView.m */ = {isa = PBXFileReference; fileEncoding = 4; lastKnownFileType = sourcecode.c.objc; name = FSTableView.m; path = "fishstix-ios-sdk/FSTableView.m"; sourceTree = SOURCE_ROOT; };
		72B214A8159AEE1200456CE8 /* FSTableView.h */ = {isa = PBXFileReference; fileEncoding = 4; lastKnownFileType = sourcecode.c.h; name = FSTableView.h; path = "fishstix-ios-sdk/FSTableView.h"; sourceTree = SOURCE_ROOT; };
		72B214AA159AEE2900456CE8 /* FSTableHeaderSuperView.h */ = {isa = PBXFileReference; fileEncoding = 4; lastKnownFileType = sourcecode.c.h; name = FSTableHeaderSuperView.h; path = "fishstix-ios-sdk/FSTableHeaderSuperView.h"; sourceTree = SOURCE_ROOT; };
		72B214AB159AEE2900456CE8 /* FSTableHeaderSuperView.m */ = {isa = PBXFileReference; fileEncoding = 4; lastKnownFileType = sourcecode.c.objc; name = FSTableHeaderSuperView.m; path = "fishstix-ios-sdk/FSTableHeaderSuperView.m"; sourceTree = SOURCE_ROOT; };
/* End PBXFileReference section */

/* Begin PBXFrameworksBuildPhase section */
		7223FC0C159C333000A2F7E8 /* Frameworks */ = {
			isa = PBXFrameworksBuildPhase;
			buildActionMask = 2147483647;
			files = (
				7261420015F4837200C586C9 /* SystemConfiguration.framework in Frameworks */,
				7223FC10159C333100A2F7E8 /* Foundation.framework in Frameworks */,
			);
			runOnlyForDeploymentPostprocessing = 0;
		};
		7223FC18159C333100A2F7E8 /* Frameworks */ = {
			isa = PBXFrameworksBuildPhase;
			buildActionMask = 2147483647;
			files = (
				7223FC1D159C333100A2F7E8 /* SenTestingKit.framework in Frameworks */,
				7223FC1E159C333100A2F7E8 /* UIKit.framework in Frameworks */,
				7223FC1F159C333100A2F7E8 /* Foundation.framework in Frameworks */,
				7223FC22159C333100A2F7E8 /* libfishstix-ios-sdk.a in Frameworks */,
			);
			runOnlyForDeploymentPostprocessing = 0;
		};
/* End PBXFrameworksBuildPhase section */

/* Begin PBXGroup section */
		7223FC23159C333100A2F7E8 /* fishstix-ios-sdkTests */ = {
			isa = PBXGroup;
			children = (
				7223FC29159C333100A2F7E8 /* fishstix_ios_sdkTests.h */,
				7223FC2A159C333100A2F7E8 /* fishstix_ios_sdkTests.m */,
				7223FC24159C333100A2F7E8 /* Supporting Files */,
			);
			path = "fishstix-ios-sdkTests";
			sourceTree = "<group>";
		};
		7223FC24159C333100A2F7E8 /* Supporting Files */ = {
			isa = PBXGroup;
			children = (
				7223FC25159C333100A2F7E8 /* fishstix-ios-sdkTests-Info.plist */,
				7223FC26159C333100A2F7E8 /* InfoPlist.strings */,
			);
			name = "Supporting Files";
			sourceTree = "<group>";
		};
		7261419C15F467F500C586C9 /* Controllers */ = {
			isa = PBXGroup;
			children = (
				7261419E15F4682F00C586C9 /* Navigation */,
				726141A815F4692900C586C9 /* FSViewController.h */,
				726141A915F4692900C586C9 /* FSViewController.m */,
			);
			name = Controllers;
			sourceTree = "<group>";
		};
		7261419E15F4682F00C586C9 /* Navigation */ = {
			isa = PBXGroup;
			children = (
				7261419F15F4683D00C586C9 /* MKDSlideViewController.h */,
				726141A015F4683D00C586C9 /* MKDSlideViewController.m */,
			);
			name = Navigation;
			sourceTree = "<group>";
		};
		726141D015F477D100C586C9 /* Extensions */ = {
			isa = PBXGroup;
			children = (
				726141E015F4783D00C586C9 /* NSObject+FSExtensions.h */,
				726141D115F4783D00C586C9 /* NSObject+FSExtensions.m */,
				726141D215F4783D00C586C9 /* NSString+FSExtensions.h */,
				726141D315F4783D00C586C9 /* NSString+FSExtensions.m */,
				726141D415F4783D00C586C9 /* UIAlertView+BlockExtensions.h */,
				726141D515F4783D00C586C9 /* UIAlertView+BlockExtensions.m */,
				726141D615F4783D00C586C9 /* UIColor+FSExtensions.h */,
				726141D715F4783D00C586C9 /* UIColor+FSExtensions.m */,
				726141DA15F4783D00C586C9 /* UINavigationItem+FSExtensions.h */,
				726141DB15F4783D00C586C9 /* UINavigationItem+FSExtensions.m */,
				726141DC15F4783D00C586C9 /* UIWindow+FSExtensions.h */,
				726141DD15F4783D00C586C9 /* UIWindow+FSExtensions.m */,
				726141DE15F4783D00C586C9 /* NSDate+FSExtensions.h */,
				726141DF15F4783D00C586C9 /* NSDate+FSExtensions.m */,
			);
			name = Extensions;
			sourceTree = "<group>";
		};
		726141F115F482D500C586C9 /* Network */ = {
			isa = PBXGroup;
			children = (
				726141F215F482E500C586C9 /* FSHTTPRequest.h */,
				726141F315F482E500C586C9 /* FSHTTPRequest.m */,
				726141F415F482E500C586C9 /* HTTPRequest.h */,
				726141F515F482E500C586C9 /* HTTPRequest.m */,
				726141F615F482E500C586C9 /* Reachability.h */,
				726141F715F482E500C586C9 /* Reachability.m */,
			);
			name = Network;
			sourceTree = "<group>";
		};
		72B213B8159A27BC00456CE8 = {
			isa = PBXGroup;
			children = (
				726141FF15F4837100C586C9 /* SystemConfiguration.framework */,
				72B213CF159A27BD00456CE8 /* fishstix-ios-sdk */,
				7223FC23159C333100A2F7E8 /* fishstix-ios-sdkTests */,
				72B213C6159A27BD00456CE8 /* Frameworks */,
				72B213C4159A27BD00456CE8 /* Products */,
			);
			sourceTree = "<group>";
		};
		72B213C4159A27BD00456CE8 /* Products */ = {
			isa = PBXGroup;
			children = (
				7223FC0F159C333000A2F7E8 /* libfishstix-ios-sdk.a */,
				7223FC1C159C333100A2F7E8 /* fishstix-ios-sdkTests.octest */,
			);
			name = Products;
			sourceTree = "<group>";
		};
		72B213C6159A27BD00456CE8 /* Frameworks */ = {
			isa = PBXGroup;
			children = (
				72B213C7159A27BD00456CE8 /* UIKit.framework */,
				72B213C9159A27BD00456CE8 /* Foundation.framework */,
				72B213CB159A27BD00456CE8 /* CoreGraphics.framework */,
				72B213CD159A27BD00456CE8 /* CoreData.framework */,
				72B213E4159A27BD00456CE8 /* SenTestingKit.framework */,
			);
			name = Frameworks;
			sourceTree = "<group>";
		};
		72B213CF159A27BD00456CE8 /* fishstix-ios-sdk */ = {
			isa = PBXGroup;
			children = (
				726141F115F482D500C586C9 /* Network */,
				726141D015F477D100C586C9 /* Extensions */,
				72B213D8159A27BD00456CE8 /* FSAppDelegate.h */,
				72B213D9159A27BD00456CE8 /* FSAppDelegate.m */,
				72B2148E159AED8500456CE8 /* Social */,
				7261419C15F467F500C586C9 /* Controllers */,
				72B2148F159AED8500456CE8 /* Views */,
				72B213DB159A27BD00456CE8 /* fishstix_ios_sdk.xcdatamodeld */,
				72B213D0159A27BD00456CE8 /* Supporting Files */,
			);
			path = "fishstix-ios-sdk";
			sourceTree = "<group>";
		};
		72B213D0159A27BD00456CE8 /* Supporting Files */ = {
			isa = PBXGroup;
			children = (
				72B213D1159A27BD00456CE8 /* fishstix-ios-sdk-Info.plist */,
				72B213D2159A27BD00456CE8 /* InfoPlist.strings */,
				72B213D7159A27BD00456CE8 /* fishstix-ios-sdk-Prefix.pch */,
			);
			name = "Supporting Files";
			sourceTree = "<group>";
		};
		72B2148E159AED8500456CE8 /* Social */ = {
			isa = PBXGroup;
			children = (
				72B21490159AED8500456CE8 /* FSSocial.h */,
				72B21491159AED8500456CE8 /* FSSocial.m */,
				72B21492159AED8500456CE8 /* Twitter */,
				72B21493159AED8500456CE8 /* Facebook */,
			);
			name = Social;
			path = ../../Prayer;
			sourceTree = "<group>";
		};
		72B2148F159AED8500456CE8 /* Views */ = {
			isa = PBXGroup;
			children = (
				727B5247159E16C800E86A0A /* AppView.h */,
				727B5248159E16C800E86A0A /* AppView.m */,
				727B5249159E16C800E86A0A /* AppViewController.h */,
				727B524A159E16C800E86A0A /* AppViewController.m */,
				72B21498159AED8500456CE8 /* Table */,
				7223FC33159C3B6000A2F7E8 /* FSPaginatedScrollView.h */,
				7223FC32159C3B6000A2F7E8 /* FSPaginatedScrollView.m */,
			);
			name = Views;
			path = ../../Prayer;
			sourceTree = "<group>";
		};
		72B21492159AED8500456CE8 /* Twitter */ = {
			isa = PBXGroup;
			children = (
				72B21494159AED8500456CE8 /* FSTwitter.h */,
				72B21495159AED8500456CE8 /* FSTwitter.m */,
			);
			name = Twitter;
			sourceTree = "<group>";
		};
		72B21493159AED8500456CE8 /* Facebook */ = {
			isa = PBXGroup;
			children = (
				72B21496159AED8500456CE8 /* FSFacebook.h */,
				72B21497159AED8500456CE8 /* FSFacebook.m */,
			);
			name = Facebook;
			sourceTree = "<group>";
		};
		72B21498159AED8500456CE8 /* Table */ = {
			isa = PBXGroup;
			children = (
				72B2149B159AED8500456CE8 /* SubViews */,
				72B214A8159AEE1200456CE8 /* FSTableView.h */,
				72B214A7159AEE1200456CE8 /* FSTableView.m */,
			);
			name = Table;
			sourceTree = "<group>";
		};
		72B2149B159AED8500456CE8 /* SubViews */ = {
			isa = PBXGroup;
			children = (
				72B214AA159AEE2900456CE8 /* FSTableHeaderSuperView.h */,
				72B214AB159AEE2900456CE8 /* FSTableHeaderSuperView.m */,
			);
			name = SubViews;
			sourceTree = "<group>";
		};
/* End PBXGroup section */

/* Begin PBXHeadersBuildPhase section */
		7223FC0D159C333000A2F7E8 /* Headers */ = {
			isa = PBXHeadersBuildPhase;
			buildActionMask = 2147483647;
			files = (
				7223FC35159C3B6100A2F7E8 /* FSPaginatedScrollView.h in Headers */,
				727B524B159E16C800E86A0A /* AppView.h in Headers */,
				727B524D159E16C800E86A0A /* AppViewController.h in Headers */,
				726141A115F4683D00C586C9 /* MKDSlideViewController.h in Headers */,
				726141AA15F4692900C586C9 /* FSViewController.h in Headers */,
				726141E215F4783D00C586C9 /* NSString+FSExtensions.h in Headers */,
				726141E415F4783D00C586C9 /* UIAlertView+BlockExtensions.h in Headers */,
				726141E615F4783D00C586C9 /* UIColor+FSExtensions.h in Headers */,
				726141EA15F4783D00C586C9 /* UINavigationItem+FSExtensions.h in Headers */,
				726141EC15F4783D00C586C9 /* UIWindow+FSExtensions.h in Headers */,
				726141EE15F4783D00C586C9 /* NSDate+FSExtensions.h in Headers */,
				726141F015F4783D00C586C9 /* NSObject+FSExtensions.h in Headers */,
				726141F815F482E500C586C9 /* FSHTTPRequest.h in Headers */,
				726141FA15F482E500C586C9 /* HTTPRequest.h in Headers */,
				726141FC15F482E500C586C9 /* Reachability.h in Headers */,
			);
			runOnlyForDeploymentPostprocessing = 0;
		};
/* End PBXHeadersBuildPhase section */

/* Begin PBXNativeTarget section */
		7223FC0E159C333000A2F7E8 /* fishstix-ios-sdk */ = {
			isa = PBXNativeTarget;
			buildConfigurationList = 7223FC2C159C333100A2F7E8 /* Build configuration list for PBXNativeTarget "fishstix-ios-sdk" */;
			buildPhases = (
				7223FC0B159C333000A2F7E8 /* Sources */,
				7223FC0C159C333000A2F7E8 /* Frameworks */,
				7223FC0D159C333000A2F7E8 /* Headers */,
			);
			buildRules = (
			);
			dependencies = (
			);
			name = "fishstix-ios-sdk";
			productName = "fishstix-ios-sdk";
			productReference = 7223FC0F159C333000A2F7E8 /* libfishstix-ios-sdk.a */;
			productType = "com.apple.product-type.library.static";
		};
		7223FC1B159C333100A2F7E8 /* fishstix-ios-sdkTests */ = {
			isa = PBXNativeTarget;
			buildConfigurationList = 7223FC2F159C333100A2F7E8 /* Build configuration list for PBXNativeTarget "fishstix-ios-sdkTests" */;
			buildPhases = (
				7223FC17159C333100A2F7E8 /* Sources */,
				7223FC18159C333100A2F7E8 /* Frameworks */,
				7223FC19159C333100A2F7E8 /* Resources */,
				7223FC1A159C333100A2F7E8 /* ShellScript */,
			);
			buildRules = (
			);
			dependencies = (
				7223FC21159C333100A2F7E8 /* PBXTargetDependency */,
			);
			name = "fishstix-ios-sdkTests";
			productName = "fishstix-ios-sdkTests";
			productReference = 7223FC1C159C333100A2F7E8 /* fishstix-ios-sdkTests.octest */;
			productType = "com.apple.product-type.bundle";
		};
/* End PBXNativeTarget section */

/* Begin PBXProject section */
		72B213BA159A27BC00456CE8 /* Project object */ = {
			isa = PBXProject;
			attributes = {
				LastUpgradeCheck = 0430;
			};
			buildConfigurationList = 72B213BD159A27BC00456CE8 /* Build configuration list for PBXProject "fishstix-ios-sdk" */;
			compatibilityVersion = "Xcode 3.2";
			developmentRegion = English;
			hasScannedForEncodings = 0;
			knownRegions = (
				en,
			);
			mainGroup = 72B213B8159A27BC00456CE8;
			productRefGroup = 72B213C4159A27BD00456CE8 /* Products */;
			projectDirPath = "";
			projectRoot = "";
			targets = (
				7223FC0E159C333000A2F7E8 /* fishstix-ios-sdk */,
				7223FC1B159C333100A2F7E8 /* fishstix-ios-sdkTests */,
			);
		};
/* End PBXProject section */

/* Begin PBXResourcesBuildPhase section */
		7223FC19159C333100A2F7E8 /* Resources */ = {
			isa = PBXResourcesBuildPhase;
			buildActionMask = 2147483647;
			files = (
				7223FC28159C333100A2F7E8 /* InfoPlist.strings in Resources */,
			);
			runOnlyForDeploymentPostprocessing = 0;
		};
/* End PBXResourcesBuildPhase section */

/* Begin PBXShellScriptBuildPhase section */
		7223FC1A159C333100A2F7E8 /* ShellScript */ = {
			isa = PBXShellScriptBuildPhase;
			buildActionMask = 2147483647;
			files = (
			);
			inputPaths = (
			);
			outputPaths = (
			);
			runOnlyForDeploymentPostprocessing = 0;
			shellPath = /bin/sh;
			shellScript = "# Run the unit tests in this test bundle.\n\"${SYSTEM_DEVELOPER_DIR}/Tools/RunUnitTests\"\n";
		};
/* End PBXShellScriptBuildPhase section */

/* Begin PBXSourcesBuildPhase section */
		7223FC0B159C333000A2F7E8 /* Sources */ = {
			isa = PBXSourcesBuildPhase;
			buildActionMask = 2147483647;
			files = (
				7223FC34159C3B6100A2F7E8 /* FSPaginatedScrollView.m in Sources */,
				727B524C159E16C800E86A0A /* AppView.m in Sources */,
				727B524E159E16C800E86A0A /* AppViewController.m in Sources */,
				72C73BE515AD4ECE00FCA626 /* FSTableHeaderSuperView.m in Sources */,
				726141A215F4683D00C586C9 /* MKDSlideViewController.m in Sources */,
				726141AB15F4692900C586C9 /* FSViewController.m in Sources */,
				726141E115F4783D00C586C9 /* NSObject+FSExtensions.m in Sources */,
				726141E315F4783D00C586C9 /* NSString+FSExtensions.m in Sources */,
				726141E515F4783D00C586C9 /* UIAlertView+BlockExtensions.m in Sources */,
				726141E715F4783D00C586C9 /* UIColor+FSExtensions.m in Sources */,
				726141EB15F4783D00C586C9 /* UINavigationItem+FSExtensions.m in Sources */,
				726141ED15F4783D00C586C9 /* UIWindow+FSExtensions.m in Sources */,
				726141EF15F4783D00C586C9 /* NSDate+FSExtensions.m in Sources */,
				726141F915F482E500C586C9 /* FSHTTPRequest.m in Sources */,
				726141FB15F482E500C586C9 /* HTTPRequest.m in Sources */,
				726141FD15F482E500C586C9 /* Reachability.m in Sources */,
			);
			runOnlyForDeploymentPostprocessing = 0;
		};
		7223FC17159C333100A2F7E8 /* Sources */ = {
			isa = PBXSourcesBuildPhase;
			buildActionMask = 2147483647;
			files = (
				7223FC2B159C333100A2F7E8 /* fishstix_ios_sdkTests.m in Sources */,
			);
			runOnlyForDeploymentPostprocessing = 0;
		};
/* End PBXSourcesBuildPhase section */

/* Begin PBXTargetDependency section */
		7223FC21159C333100A2F7E8 /* PBXTargetDependency */ = {
			isa = PBXTargetDependency;
			target = 7223FC0E159C333000A2F7E8 /* fishstix-ios-sdk */;
			targetProxy = 7223FC20159C333100A2F7E8 /* PBXContainerItemProxy */;
		};
/* End PBXTargetDependency section */

/* Begin PBXVariantGroup section */
		7223FC26159C333100A2F7E8 /* InfoPlist.strings */ = {
			isa = PBXVariantGroup;
			children = (
				7223FC27159C333100A2F7E8 /* en */,
			);
			name = InfoPlist.strings;
			sourceTree = "<group>";
		};
		72B213D2159A27BD00456CE8 /* InfoPlist.strings */ = {
			isa = PBXVariantGroup;
			children = (
				72B213D3159A27BD00456CE8 /* en */,
			);
			name = InfoPlist.strings;
			sourceTree = "<group>";
		};
/* End PBXVariantGroup section */

/* Begin XCBuildConfiguration section */
		7223FC2D159C333100A2F7E8 /* Debug */ = {
			isa = XCBuildConfiguration;
			buildSettings = {
				ALWAYS_SEARCH_USER_PATHS = NO;
				DSTROOT = /tmp/fishstix_ios_sdk.dst;
				GCC_PRECOMPILE_PREFIX_HEADER = YES;
				GCC_PREFIX_HEADER = "fishstix-ios-sdk/fishstix-ios-sdk-Prefix.pch";
				OTHER_LDFLAGS = "-ObjC";
				PRODUCT_NAME = "$(TARGET_NAME)";
				SKIP_INSTALL = YES;
			};
			name = Debug;
		};
		7223FC2E159C333100A2F7E8 /* Release */ = {
			isa = XCBuildConfiguration;
			buildSettings = {
				ALWAYS_SEARCH_USER_PATHS = NO;
				DSTROOT = /tmp/fishstix_ios_sdk.dst;
				GCC_PRECOMPILE_PREFIX_HEADER = YES;
				GCC_PREFIX_HEADER = "fishstix-ios-sdk/fishstix-ios-sdk-Prefix.pch";
				OTHER_LDFLAGS = "-ObjC";
				PRODUCT_NAME = "$(TARGET_NAME)";
				SKIP_INSTALL = YES;
			};
			name = Release;
		};
		7223FC30159C333100A2F7E8 /* Debug */ = {
			isa = XCBuildConfiguration;
			buildSettings = {
				ALWAYS_SEARCH_USER_PATHS = NO;
				FRAMEWORK_SEARCH_PATHS = (
					"$(SDKROOT)/Developer/Library/Frameworks",
					"$(DEVELOPER_LIBRARY_DIR)/Frameworks",
				);
				GCC_PRECOMPILE_PREFIX_HEADER = YES;
				GCC_PREFIX_HEADER = "fishstix-ios-sdk/fishstix-ios-sdk-Prefix.pch";
				INFOPLIST_FILE = "fishstix-ios-sdkTests/fishstix-ios-sdkTests-Info.plist";
				PRODUCT_NAME = "$(TARGET_NAME)";
				WRAPPER_EXTENSION = octest;
			};
			name = Debug;
		};
		7223FC31159C333100A2F7E8 /* Release */ = {
			isa = XCBuildConfiguration;
			buildSettings = {
				ALWAYS_SEARCH_USER_PATHS = NO;
				FRAMEWORK_SEARCH_PATHS = (
					"$(SDKROOT)/Developer/Library/Frameworks",
					"$(DEVELOPER_LIBRARY_DIR)/Frameworks",
				);
				GCC_PRECOMPILE_PREFIX_HEADER = YES;
				GCC_PREFIX_HEADER = "fishstix-ios-sdk/fishstix-ios-sdk-Prefix.pch";
				INFOPLIST_FILE = "fishstix-ios-sdkTests/fishstix-ios-sdkTests-Info.plist";
				PRODUCT_NAME = "$(TARGET_NAME)";
				WRAPPER_EXTENSION = octest;
			};
			name = Release;
		};
		72B213F4159A27BD00456CE8 /* Debug */ = {
			isa = XCBuildConfiguration;
			buildSettings = {
				ALWAYS_SEARCH_USER_PATHS = YES;
				ARCHS = "$(ARCHS_STANDARD_32_BIT)";
				CLANG_ENABLE_OBJC_ARC = YES;
				"CODE_SIGN_IDENTITY[sdk=iphoneos*]" = "iPhone Developer";
				COPY_PHASE_STRIP = NO;
				EXECUTABLE_EXTENSION = a;
				EXECUTABLE_PREFIX = lib;
				GCC_C_LANGUAGE_STANDARD = gnu99;
				GCC_DYNAMIC_NO_PIC = NO;
				GCC_OPTIMIZATION_LEVEL = 0;
				GCC_PRECOMPILE_PREFIX_HEADER = YES;
				GCC_PREFIX_HEADER = "fishstix-ios-sdk-Prefix.pch";
				GCC_PREPROCESSOR_DEFINITIONS = (
					"DEBUG=1",
					"$(inherited)",
				);
				GCC_SYMBOLS_PRIVATE_EXTERN = NO;
				GCC_VERSION = com.apple.compilers.llvm.clang.1_0;
				GCC_WARN_ABOUT_RETURN_TYPE = YES;
				GCC_WARN_UNINITIALIZED_AUTOS = YES;
				GCC_WARN_UNUSED_VARIABLE = YES;
				IPHONEOS_DEPLOYMENT_TARGET = 5.1;
				MACH_O_TYPE = staticlib;
				SDKROOT = iphoneos;
				SKIP_INSTALL = YES;
				TARGETED_DEVICE_FAMILY = "1,2";
			};
			name = Debug;
		};
		72B213F5159A27BD00456CE8 /* Release */ = {
			isa = XCBuildConfiguration;
			buildSettings = {
				ALWAYS_SEARCH_USER_PATHS = YES;
				ARCHS = "$(ARCHS_STANDARD_32_BIT)";
				CLANG_ENABLE_OBJC_ARC = YES;
				"CODE_SIGN_IDENTITY[sdk=iphoneos*]" = "iPhone Developer";
				COPY_PHASE_STRIP = YES;
				EXECUTABLE_EXTENSION = a;
				EXECUTABLE_PREFIX = lib;
				GCC_C_LANGUAGE_STANDARD = gnu99;
				GCC_PRECOMPILE_PREFIX_HEADER = YES;
				GCC_PREFIX_HEADER = "fishstix-ios-sdk-Prefix.pch";
				GCC_VERSION = com.apple.compilers.llvm.clang.1_0;
				GCC_WARN_ABOUT_RETURN_TYPE = YES;
				GCC_WARN_UNINITIALIZED_AUTOS = YES;
				GCC_WARN_UNUSED_VARIABLE = YES;
				IPHONEOS_DEPLOYMENT_TARGET = 5.1;
				MACH_O_TYPE = staticlib;
				OTHER_CFLAGS = "-DNS_BLOCK_ASSERTIONS=1";
				SDKROOT = iphoneos;
				SKIP_INSTALL = YES;
				TARGETED_DEVICE_FAMILY = "1,2";
				VALIDATE_PRODUCT = YES;
			};
			name = Release;
		};
/* End XCBuildConfiguration section */

/* Begin XCConfigurationList section */
		7223FC2C159C333100A2F7E8 /* Build configuration list for PBXNativeTarget "fishstix-ios-sdk" */ = {
			isa = XCConfigurationList;
			buildConfigurations = (
				7223FC2D159C333100A2F7E8 /* Debug */,
				7223FC2E159C333100A2F7E8 /* Release */,
			);
			defaultConfigurationIsVisible = 0;
			defaultConfigurationName = Release;
		};
		7223FC2F159C333100A2F7E8 /* Build configuration list for PBXNativeTarget "fishstix-ios-sdkTests" */ = {
			isa = XCConfigurationList;
			buildConfigurations = (
				7223FC30159C333100A2F7E8 /* Debug */,
				7223FC31159C333100A2F7E8 /* Release */,
			);
			defaultConfigurationIsVisible = 0;
			defaultConfigurationName = Release;
		};
		72B213BD159A27BC00456CE8 /* Build configuration list for PBXProject "fishstix-ios-sdk" */ = {
			isa = XCConfigurationList;
			buildConfigurations = (
				72B213F4159A27BD00456CE8 /* Debug */,
				72B213F5159A27BD00456CE8 /* Release */,
			);
			defaultConfigurationIsVisible = 0;
			defaultConfigurationName = Release;
		};
/* End XCConfigurationList section */

/* Begin XCVersionGroup section */
		72B213DB159A27BD00456CE8 /* fishstix_ios_sdk.xcdatamodeld */ = {
			isa = XCVersionGroup;
			children = (
				72B213DC159A27BD00456CE8 /* fishstix_ios_sdk.xcdatamodel */,
			);
			currentVersion = 72B213DC159A27BD00456CE8 /* fishstix_ios_sdk.xcdatamodel */;
			path = fishstix_ios_sdk.xcdatamodeld;
			sourceTree = "<group>";
			versionGroupType = wrapper.xcdatamodel;
		};
/* End XCVersionGroup section */
	};
	rootObject = 72B213BA159A27BC00456CE8 /* Project object */;
}
